
Microsoft Visual Studio Solution File, Format Version 12.00
# Visual Studio 2013
VisualStudioVersion = 12.0.31101.0
MinimumVisualStudioVersion = 10.0.40219.1
Project("{FAE04EC0-301F-11D3-BF4B-00C04F79EFBC}") = "WindowsFormsApplication2", "WindowsFormsApplication2\WindowsFormsApplication2.csproj", "{750D2E51-1687-476F-BB0A-1C25CD04F3D6}"
EndProject
Project("{FAE04EC0-301F-11D3-BF4B-00C04F79EFBC}") = "TicTacToeEngine", "TicTacToeEngine\TicTacToeEngine.csproj", "{D07519EA-05CF-4BF7-866F-BD497FF37094}"
EndProject
Project("{FAE04EC0-301F-11D3-BF4B-00C04F79EFBC}") = "ConsoleApplication1", "ConsoleApplication1\ConsoleApplication1.csproj", "{A2B84615-995E-4FD2-AAE6-A47C86467854}"
EndProject
Global
	GlobalSection(SolutionConfigurationPlatforms) = preSolution
		Debug|Any CPU = Debug|Any CPU
		Release|Any CPU = Release|Any CPU
	EndGlobalSection
	GlobalSection(ProjectConfigurationPlatforms) = postSolution
		{750D2E51-1687-476F-BB0A-1C25CD04F3D6}.Debug|Any CPU.ActiveCfg = Debug|Any CPU
		{750D2E51-1687-476F-BB0A-1C25CD04F3D6}.Debug|Any CPU.Build.0 = Debug|Any CPU
		{750D2E51-1687-476F-BB0A-1C25CD04F3D6}.Release|Any CPU.ActiveCfg = Release|Any CPU
		{750D2E51-1687-476F-BB0A-1C25CD04F3D6}.Release|Any CPU.Build.0 = Release|Any CPU
		{D07519EA-05CF-4BF7-866F-BD497FF37094}.Debug|Any CPU.ActiveCfg = Debug|Any CPU
		{D07519EA-05CF-4BF7-866F-BD497FF37094}.Debug|Any CPU.Build.0 = Debug|Any CPU
		{D07519EA-05CF-4BF7-866F-BD497FF37094}.Release|Any CPU.ActiveCfg = Release|Any CPU
		{D07519EA-05CF-4BF7-866F-BD497FF37094}.Release|Any CPU.Build.0 = Release|Any CPU
		{A2B84615-995E-4FD2-AAE6-A47C86467854}.Debug|Any CPU.ActiveCfg = Debug|Any CPU
		{A2B84615-995E-4FD2-AAE6-A47C86467854}.Debug|Any CPU.Build.0 = Debug|Any CPU
		{A2B84615-995E-4FD2-AAE6-A47C86467854}.Release|Any CPU.ActiveCfg = Release|Any CPU
		{A2B84615-995E-4FD2-AAE6-A47C86467854}.Release|Any CPU.Build.0 = Release|Any CPU
	EndGlobalSection
	GlobalSection(SolutionProperties) = preSolution
		HideSolutionNode = FALSE
	EndGlobalSection
EndGlobal
